Microsoft Visual Studio Solution File, Format Version 12.00
# Visual Studio Version 17
VisualStudioVersion = 17.5.2.0
MinimumVisualStudioVersion = 10.0.40219.1
Project("{FAE04EC0-301F-11D3-BF4B-00C04F79EFBC}") = "cse210-unit04-ta", "cse210-unit04-ta.csproj", "{A57037E4-F320-BD3B-90DA-26316D9AC877}"
EndProject
Global
	GlobalSection(SolutionConfigurationPlatforms) = preSolution
		Debug|Any CPU = Debug|Any CPU
		Release|Any CPU = Release|Any CPU
	EndGlobalSection
	GlobalSection(ProjectConfigurationPlatforms) = postSolution
		{A57037E4-F320-BD3B-90DA-26316D9AC877}.Debug|Any CPU.ActiveCfg = Debug|Any CPU
		{A57037E4-F320-BD3B-90DA-26316D9AC877}.Debug|Any CPU.Build.0 = Debug|Any CPU
		{A57037E4-F320-BD3B-90DA-26316D9AC877}.Release|Any CPU.ActiveCfg = Release|Any CPU
		{A57037E4-F320-BD3B-90DA-26316D9AC877}.Release|Any CPU.Build.0 = Release|Any CPU
	EndGlobalSection
	GlobalSection(SolutionProperties) = preSolution
		HideSolutionNode = FALSE
	EndGlobalSection
	GlobalSection(ExtensibilityGlobals) = postSolution
		SolutionGuid = {AFE3C58B-2921-4994-A188-2FB5DDFA6B35}
	EndGlobalSection
EndGlobal
